// !$*UTF8*$!
{
	archiveVersion = 1;
	classes = {
	};
	objectVersion = 46;
	objects = {

/* Begin PBXBuildFile section */
		FD6DDDEE1BD742D1005387E8 /* AlbumTransition.gif in Resources */ = {isa = PBXBuildFile; fileRef = FD6DDDED1BD742D1005387E8 /* AlbumTransition.gif */; settings = {ASSET_TAGS = (); }; };
		FD6DDDF81BD74CC3005387E8 /* Config2.png in Resources */ = {isa = PBXBuildFile; fileRef = FD6DDDF71BD74CC3005387E8 /* Config2.png */; settings = {ASSET_TAGS = (); }; };
		FD6DDE041BD75271005387E8 /* Config1.png in Resources */ = {isa = PBXBuildFile; fileRef = FD6DDE031BD75271005387E8 /* Config1.png */; settings = {ASSET_TAGS = (); }; };
		FD83B6221BD529C100C4326E /* SDEPopPinchInteractionController.swift in Sources */ = {isa = PBXBuildFile; fileRef = FD83B6211BD529C100C4326E /* SDEPopPinchInteractionController.swift */; settings = {ASSET_TAGS = (); }; };
		FDB179B41BD00B610029A9AB /* UICollectionViewControllerExtension.swift in Sources */ = {isa = PBXBuildFile; fileRef = FDB179B01BD00B610029A9AB /* UICollectionViewControllerExtension.swift */; settings = {ASSET_TAGS = (); }; };
		FDBB4B4F1B5BDFBE00B6D674 /* AppDelegate.swift in Sources */ = {isa = PBXBuildFile; fileRef = FDBB4B4E1B5BDFBE00B6D674 /* AppDelegate.swift */; };
		FDBB4B591B5BDFBE00B6D674 /* LaunchScreen.storyboard in Resources */ = {isa = PBXBuildFile; fileRef = FDBB4B571B5BDFBE00B6D674 /* LaunchScreen.storyboard */; };
		FDBB4B681B5BE02400B6D674 /* SDEAlbumViewController.swift in Sources */ = {isa = PBXBuildFile; fileRef = FDBB4B601B5BE02400B6D674 /* SDEAlbumViewController.swift */; };
		FDBB4B691B5BE02400B6D674 /* SDEGalleriesViewController.swift in Sources */ = {isa = PBXBuildFile; fileRef = FDBB4B611B5BE02400B6D674 /* SDEGalleriesViewController.swift */; };
		FDBB4B6A1B5BE02400B6D674 /* SDEPushAndPopAnimationController.swift in Sources */ = {isa = PBXBuildFile; fileRef = FDBB4B621B5BE02400B6D674 /* SDEPushAndPopAnimationController.swift */; };
		FDBB4B6C1B5BE02400B6D674 /* SDEAdaptiveAssetCell.swift in Sources */ = {isa = PBXBuildFile; fileRef = FDBB4B641B5BE02400B6D674 /* SDEAdaptiveAssetCell.swift */; };
		FDBB4B6D1B5BE02400B6D674 /* NSTimeIntervalOutputExtension.swift in Sources */ = {isa = PBXBuildFile; fileRef = FDBB4B651B5BE02400B6D674 /* NSTimeIntervalOutputExtension.swift */; };
		FDBB4B6E1B5BE02400B6D674 /* video_call.png in Resources */ = {isa = PBXBuildFile; fileRef = FDBB4B661B5BE02400B6D674 /* video_call.png */; };
		FDBB4B6F1B5BE02400B6D674 /* video_call@2x.png in Resources */ = {isa = PBXBuildFile; fileRef = FDBB4B671B5BE02400B6D674 /* video_call@2x.png */; };
		FDBB4B711B5BE08800B6D674 /* Main.storyboard in Resources */ = {isa = PBXBuildFile; fileRef = FDBB4B701B5BE08800B6D674 /* Main.storyboard */; };
		FDBB4B731B5BE20800B6D674 /* Default-568h@2x.png in Resources */ = {isa = PBXBuildFile; fileRef = FDBB4B721B5BE20800B6D674 /* Default-568h@2x.png */; };
		FDE437511BCF86FC001A6BF8 /* SDENavigationControllerDelegate.swift in Sources */ = {isa = PBXBuildFile; fileRef = FDE437501BCF86FC001A6BF8 /* SDENavigationControllerDelegate.swift */; settings = {ASSET_TAGS = (); }; };
		FDE437541BCF9703001A6BF8 /* PHFetchResultExtension.swift in Sources */ = {isa = PBXBuildFile; fileRef = FDE437531BCF9703001A6BF8 /* PHFetchResultExtension.swift */; settings = {ASSET_TAGS = (); }; };
/* End PBXBuildFile section */

/* Begin PBXFileReference section */
		FD6DDDED1BD742D1005387E8 /* AlbumTransition.gif */ = {isa = PBXFileReference; lastKnownFileType = image.gif; path = AlbumTransition.gif; sourceTree = "<group>"; };
		FD6DDDF71BD74CC3005387E8 /* Config2.png */ = {isa = PBXFileReference; lastKnownFileType = image.png; path = Config2.png; sourceTree = "<group>"; };
		FD6DDE031BD75271005387E8 /* Config1.png */ = {isa = PBXFileReference; lastKnownFileType = image.png; name = Config1.png; path = Example/Config1.png; sourceTree = "<group>"; };
		FD83B6211BD529C100C4326E /* SDEPopPinchInteractionController.swift */ = {isa = PBXFileReference; fileEncoding = 4; lastKnownFileType = sourcecode.swift; name = SDEPopPinchInteractionController.swift; path = Classes/SDEPopPinchInteractionController.swift; sourceTree = "<group>"; };
		FDB179B01BD00B610029A9AB /* UICollectionViewControllerExtension.swift */ = {isa = PBXFileReference; fileEncoding = 4; lastKnownFileType = sourcecode.swift; name = UICollectionViewControllerExtension.swift; path = Classes/Extension/UICollectionViewControllerExtension.swift; sourceTree = "<group>"; };
		FDBB4B4B1B5BDFBE00B6D674 /* SDECollectionViewAlbumTransition.app */ = {isa = PBXFileReference; explicitFileType = wrapper.application; includeInIndex = 0; path = SDECollectionViewAlbumTransition.app; sourceTree = BUILT_PRODUCTS_DIR; };
		FDBB4B4E1B5BDFBE00B6D674 /* AppDelegate.swift */ = {isa = PBXFileReference; lastKnownFileType = sourcecode.swift; path = AppDelegate.swift; sourceTree = "<group>"; };
		FDBB4B581B5BDFBE00B6D674 /* Base */ = {isa = PBXFileReference; lastKnownFileType = file.storyboard; name = Base; path = Base.lproj/LaunchScreen.storyboard; sourceTree = "<group>"; };
		FDBB4B5A1B5BDFBE00B6D674 /* Info.plist */ = {isa = PBXFileReference; lastKnownFileType = text.plist.xml; path = Info.plist; sourceTree = "<group>"; };
		FDBB4B601B5BE02400B6D674 /* SDEAlbumViewController.swift */ = {isa = PBXFileReference; fileEncoding = 4; lastKnownFileType = sourcecode.swift; path = SDEAlbumViewController.swift; sourceTree = "<group>"; };
		FDBB4B611B5BE02400B6D674 /* SDEGalleriesViewController.swift */ = {isa = PBXFileReference; fileEncoding = 4; lastKnownFileType = sourcecode.swift; path = SDEGalleriesViewController.swift; sourceTree = "<group>"; };
		FDBB4B621B5BE02400B6D674 /* SDEPushAndPopAnimationController.swift */ = {isa = PBXFileReference; fileEncoding = 4; lastKnownFileType = sourcecode.swift; name = SDEPushAndPopAnimationController.swift; path = Classes/SDEPushAndPopAnimationController.swift; sourceTree = "<group>"; };
		FDBB4B641B5BE02400B6D674 /* SDEAdaptiveAssetCell.swift */ = {isa = PBXFileReference; fileEncoding = 4; lastKnownFileType = sourcecode.swift; path = SDEAdaptiveAssetCell.swift; sourceTree = "<group>"; };
		FDBB4B651B5BE02400B6D674 /* NSTimeIntervalOutputExtension.swift */ = {isa = PBXFileReference; fileEncoding = 4; lastKnownFileType = sourcecode.swift; path = NSTimeIntervalOutputExtension.swift; sourceTree = "<group>"; };
		FDBB4B661B5BE02400B6D674 /* video_call.png */ = {isa = PBXFileReference; lastKnownFileType = image.png; path = video_call.png; sourceTree = "<group>"; };
		FDBB4B671B5BE02400B6D674 /* video_call@2x.png */ = {isa = PBXFileReference; lastKnownFileType = image.png; path = "video_call@2x.png"; sourceTree = "<group>"; };
		FDBB4B701B5BE08800B6D674 /* Main.storyboard */ = {isa = PBXFileReference; fileEncoding = 4; lastKnownFileType = file.storyboard; path = Main.storyboard; sourceTree = "<group>"; };
		FDBB4B721B5BE20800B6D674 /* Default-568h@2x.png */ = {isa = PBXFileReference; lastKnownFileType = image.png; name = "Default-568h@2x.png"; path = "../Default-568h@2x.png"; sourceTree = "<group>"; };
		FDE437501BCF86FC001A6BF8 /* SDENavigationControllerDelegate.swift */ = {isa = PBXFileReference; fileEncoding = 4; lastKnownFileType = sourcecode.swift; name = SDENavigationControllerDelegate.swift; path = Classes/SDENavigationControllerDelegate.swift; sourceTree = "<group>"; };
		FDE437531BCF9703001A6BF8 /* PHFetchResultExtension.swift */ = {isa = PBXFileReference; fileEncoding = 4; lastKnownFileType = sourcecode.swift; path = PHFetchResultExtension.swift; sourceTree = "<group>"; };
/* End PBXFileReference section */

/* Begin PBXFrameworksBuildPhase section */
		FDBB4B481B5BDFBE00B6D674 /* Frameworks */ = {
			isa = PBXFrameworksBuildPhase;
			buildActionMask = 2147483647;
			files = (
			);
			runOnlyForDeploymentPostprocessing = 0;
		};
/* End PBXFrameworksBuildPhase section */

/* Begin PBXGroup section */
		FDBB4B421B5BDFBE00B6D674 = {
			isa = PBXGroup;
			children = (
				FD6DDDF71BD74CC3005387E8 /* Config2.png */,
				FD6DDE031BD75271005387E8 /* Config1.png */,
				FD6DDDED1BD742D1005387E8 /* AlbumTransition.gif */,
				FDE437521BCF8723001A6BF8 /* Classes */,
				FDBB4B4D1B5BDFBE00B6D674 /* Example */,
				FDBB4B4C1B5BDFBE00B6D674 /* Products */,
			);
			sourceTree = "<group>";
		};
		FDBB4B4C1B5BDFBE00B6D674 /* Products */ = {
			isa = PBXGroup;
			children = (
				FDBB4B4B1B5BDFBE00B6D674 /* SDECollectionViewAlbumTransition.app */,
			);
			name = Products;
			sourceTree = "<group>";
		};
		FDBB4B4D1B5BDFBE00B6D674 /* Example */ = {
			isa = PBXGroup;
			children = (
				FDBB4B651B5BE02400B6D674 /* NSTimeIntervalOutputExtension.swift */,
				FDE437531BCF9703001A6BF8 /* PHFetchResultExtension.swift */,
				FDBB4B4E1B5BDFBE00B6D674 /* AppDelegate.swift */,
				FDBB4B611B5BE02400B6D674 /* SDEGalleriesViewController.swift */,
				FDBB4B601B5BE02400B6D674 /* SDEAlbumViewController.swift */,
				FDBB4B641B5BE02400B6D674 /* SDEAdaptiveAssetCell.swift */,
				FDBB4B661B5BE02400B6D674 /* video_call.png */,
				FDBB4B671B5BE02400B6D674 /* video_call@2x.png */,
				FDBB4B721B5BE20800B6D674 /* Default-568h@2x.png */,
				FDBB4B571B5BDFBE00B6D674 /* LaunchScreen.storyboard */,
				FDBB4B701B5BE08800B6D674 /* Main.storyboard */,
				FDBB4B5A1B5BDFBE00B6D674 /* Info.plist */,
			);
			path = Example;
			sourceTree = "<group>";
		};
		FDE437521BCF8723001A6BF8 /* Classes */ = {
			isa = PBXGroup;
			children = (
				FDBB4B621B5BE02400B6D674 /* SDEPushAndPopAnimationController.swift */,
				FD83B6211BD529C100C4326E /* SDEPopPinchInteractionController.swift */,
				FDE437501BCF86FC001A6BF8 /* SDENavigationControllerDelegate.swift */,
				FDE437551BCFB09B001A6BF8 /* Extension */,
			);
			name = Classes;
			sourceTree = "<group>";
		};
		FDE437551BCFB09B001A6BF8 /* Extension */ = {
			isa = PBXGroup;
			children = (
				FDB179B01BD00B610029A9AB /* UICollectionViewControllerExtension.swift */,
			);
			name = Extension;
			sourceTree = "<group>";
		};
/* End PBXGroup section */

/* Begin PBXNativeTarget section */
		FDBB4B4A1B5BDFBE00B6D674 /* SDECollectionViewAlbumTransition */ = {
			isa = PBXNativeTarget;
			buildConfigurationList = FDBB4B5D1B5BDFBE00B6D674 /* Build configuration list for PBXNativeTarget "SDECollectionViewAlbumTransition" */;
			buildPhases = (
				FDBB4B471B5BDFBE00B6D674 /* Sources */,
				FDBB4B481B5BDFBE00B6D674 /* Frameworks */,
				FDBB4B491B5BDFBE00B6D674 /* Resources */,
			);
			buildRules = (
			);
			dependencies = (
			);
			name = SDECollectionViewAlbumTransition;
			productName = ExploreAlbumOpenAnimation;
			productReference = FDBB4B4B1B5BDFBE00B6D674 /* SDECollectionViewAlbumTransition.app */;
			productType = "com.apple.product-type.application";
		};
/* End PBXNativeTarget section */

/* Begin PBXProject section */
		FDBB4B431B5BDFBE00B6D674 /* Project object */ = {
			isa = PBXProject;
			attributes = {
				LastUpgradeCheck = 0700;
				ORGANIZATIONNAME = seedante;
				TargetAttributes = {
					FDBB4B4A1B5BDFBE00B6D674 = {
						CreatedOnToolsVersion = 7.0;
						DevelopmentTeam = 6Z8XUV9H6J;
					};
				};
			};
			buildConfigurationList = FDBB4B461B5BDFBE00B6D674 /* Build configuration list for PBXProject "SDECollectionViewAlbumTransition" */;
			compatibilityVersion = "Xcode 3.2";
			developmentRegion = English;
			hasScannedForEncodings = 0;
			knownRegions = (
				en,
				Base,
			);
			mainGroup = FDBB4B421B5BDFBE00B6D674;
			productRefGroup = FDBB4B4C1B5BDFBE00B6D674 /* Products */;
			projectDirPath = "";
			projectRoot = "";
			targets = (
				FDBB4B4A1B5BDFBE00B6D674 /* SDECollectionViewAlbumTransition */,
			);
		};
/* End PBXProject section */

/* Begin PBXResourcesBuildPhase section */
		FDBB4B491B5BDFBE00B6D674 /* Resources */ = {
			isa = PBXResourcesBuildPhase;
			buildActionMask = 2147483647;
			files = (
				FDBB4B591B5BDFBE00B6D674 /* LaunchScreen.storyboard in Resources */,
				FDBB4B711B5BE08800B6D674 /* Main.storyboard in Resources */,
				FD6DDE041BD75271005387E8 /* Config1.png in Resources */,
				FDBB4B6F1B5BE02400B6D674 /* video_call@2x.png in Resources */,
				FD6DDDEE1BD742D1005387E8 /* AlbumTransition.gif in Resources */,
				FD6DDDF81BD74CC3005387E8 /* Config2.png in Resources */,
				FDBB4B6E1B5BE02400B6D674 /* video_call.png in Resources */,
				FDBB4B731B5BE20800B6D674 /* Default-568h@2x.png in Resources */,
			);
			runOnlyForDeploymentPostprocessing = 0;
		};
/* End PBXResourcesBuildPhase section */

/* Begin PBXSourcesBuildPhase section */
		FDBB4B471B5BDFBE00B6D674 /* Sources */ = {
			isa = PBXSourcesBuildPhase;
			buildActionMask = 2147483647;
			files = (
				FDBB4B691B5BE02400B6D674 /* SDEGalleriesViewController.swift in Sources */,
				FDBB4B6D1B5BE02400B6D674 /* NSTimeIntervalOutputExtension.swift in Sources */,
				FDBB4B6A1B5BE02400B6D674 /* SDEPushAndPopAnimationController.swift in Sources */,
				FDE437541BCF9703001A6BF8 /* PHFetchResultExtension.swift in Sources */,
				FDBB4B6C1B5BE02400B6D674 /* SDEAdaptiveAssetCell.swift in Sources */,
				FDE437511BCF86FC001A6BF8 /* SDENavigationControllerDelegate.swift in Sources */,
				FDBB4B4F1B5BDFBE00B6D674 /* AppDelegate.swift in Sources */,
				FD83B6221BD529C100C4326E /* SDEPopPinchInteractionController.swift in Sources */,
				FDBB4B681B5BE02400B6D674 /* SDEAlbumViewController.swift in Sources */,
				FDB179B41BD00B610029A9AB /* UICollectionViewControllerExtension.swift in Sources */,
			);
			runOnlyForDeploymentPostprocessing = 0;
		};
/* End PBXSourcesBuildPhase section */

/* Begin PBXVariantGroup section */
		FDBB4B571B5BDFBE00B6D674 /* LaunchScreen.storyboard */ = {
			isa = PBXVariantGroup;
			children = (
				FDBB4B581B5BDFBE00B6D674 /* Base */,
			);
			name = LaunchScreen.storyboard;
			sourceTree = "<group>";
		};
/* End PBXVariantGroup section */

/* Begin XCBuildConfiguration section */
		FDBB4B5B1B5BDFBE00B6D674 /* Debug */ = {
			isa = XCBuildConfiguration;
			buildSettings = {
				ALWAYS_SEARCH_USER_PATHS = NO;
				CLANG_CXX_LANGUAGE_STANDARD = "gnu++0x";
				CLANG_CXX_LIBRARY = "libc++";
				CLANG_ENABLE_MODULES = YES;
				CLANG_ENABLE_OBJC_ARC = YES;
				CLANG_WARN_BOOL_CONVERSION = YES;
				CLANG_WARN_CONSTANT_CONVERSION = YES;
				CLANG_WARN_DIRECT_OBJC_ISA_USAGE = YES_ERROR;
				CLANG_WARN_EMPTY_BODY = YES;
				CLANG_WARN_ENUM_CONVERSION = YES;
				CLANG_WARN_INT_CONVERSION = YES;
				CLANG_WARN_OBJC_ROOT_CLASS = YES_ERROR;
				CLANG_WARN_UNREACHABLE_CODE = YES;
				CLANG_WARN__DUPLICATE_METHOD_MATCH = YES;
				"CODE_SIGN_IDENTITY[sdk=iphoneos*]" = "iPhone Developer";
				COPY_PHASE_STRIP = NO;
				DEBUG_INFORMATION_FORMAT = dwarf;
				ENABLE_STRICT_OBJC_MSGSEND = YES;
				ENABLE_TESTABILITY = YES;
				GCC_C_LANGUAGE_STANDARD = gnu99;
				GCC_DYNAMIC_NO_PIC = NO;
				GCC_NO_COMMON_BLOCKS = YES;
				GCC_OPTIMIZATION_LEVEL = 0;
				GCC_PREPROCESSOR_DEFINITIONS = (
					"DEBUG=1",
					"$(inherited)",
				);
				GCC_WARN_64_TO_32_BIT_CONVERSION = YES;
				GCC_WARN_ABOUT_RETURN_TYPE = YES_ERROR;
				GCC_WARN_UNDECLARED_SELECTOR = YES;
				GCC_WARN_UNINITIALIZED_AUTOS = YES_AGGRESSIVE;
				GCC_WARN_UNUSED_FUNCTION = YES;
				GCC_WARN_UNUSED_VARIABLE = YES;
				IPHONEOS_DEPLOYMENT_TARGET = 9.0;
				MTL_ENABLE_DEBUG_INFO = YES;
				ONLY_ACTIVE_ARCH = YES;
				SDKROOT = iphoneos;
				SWIFT_OPTIMIZATION_LEVEL = "-Onone";
				TARGETED_DEVICE_FAMILY = "1,2";
			};
			name = Debug;
		};
		FDBB4B5C1B5BDFBE00B6D674 /* Release */ = {
			isa = XCBuildConfiguration;
			buildSettings = {
				ALWAYS_SEARCH_USER_PATHS = NO;
				CLANG_CXX_LANGUAGE_STANDARD = "gnu++0x";
				CLANG_CXX_LIBRARY = "libc++";
				CLANG_ENABLE_MODULES = YES;
				CLANG_ENABLE_OBJC_ARC = YES;
				CLANG_WARN_BOOL_CONVERSION = YES;
				CLANG_WARN_CONSTANT_CONVERSION = YES;
				CLANG_WARN_DIRECT_OBJC_ISA_USAGE = YES_ERROR;
				CLANG_WARN_EMPTY_BODY = YES;
				CLANG_WARN_ENUM_CONVERSION = YES;
				CLANG_WARN_INT_CONVERSION = YES;
				CLANG_WARN_OBJC_ROOT_CLASS = YES_ERROR;
				CLANG_WARN_UNREACHABLE_CODE = YES;
				CLANG_WARN__DUPLICATE_METHOD_MATCH = YES;
				"CODE_SIGN_IDENTITY[sdk=iphoneos*]" = "iPhone Developer";
				COPY_PHASE_STRIP = NO;
				DEBUG_INFORMATION_FORMAT = "dwarf-with-dsym";
				ENABLE_NS_ASSERTIONS = NO;
				ENABLE_STRICT_OBJC_MSGSEND = YES;
				GCC_C_LANGUAGE_STANDARD = gnu99;
				GCC_NO_COMMON_BLOCKS = YES;
				GCC_WARN_64_TO_32_BIT_CONVERSION = YES;
				GCC_WARN_ABOUT_RETURN_TYPE = YES_ERROR;
				GCC_WARN_UNDECLARED_SELECTOR = YES;
				GCC_WARN_UNINITIALIZED_AUTOS = YES_AGGRESSIVE;
				GCC_WARN_UNUSED_FUNCTION = YES;
				GCC_WARN_UNUSED_VARIABLE = YES;
				IPHONEOS_DEPLOYMENT_TARGET = 9.0;
				MTL_ENABLE_DEBUG_INFO = NO;
				SDKROOT = iphoneos;
				TARGETED_DEVICE_FAMILY = "1,2";
				VALIDATE_PRODUCT = YES;
			};
			name = Release;
		};
		FDBB4B5E1B5BDFBE00B6D674 /* Debug */ = {
			isa = XCBuildConfiguration;
			buildSettings = {
				CODE_SIGN_IDENTITY = "iPhone Developer";
				INFOPLIST_FILE = Example/Info.plist;
				IPHONEOS_DEPLOYMENT_TARGET = 8.0;
				LD_RUNPATH_SEARCH_PATHS = "$(inherited) @executable_path/Frameworks";
				PRODUCT_BUNDLE_IDENTIFIER = com.seedante.SDECollectionViewAlbumTransition;
				PRODUCT_NAME = SDECollectionViewAlbumTransition;
				TARGETED_DEVICE_FAMILY = "1,2";
			};
			name = Debug;
		};
		FDBB4B5F1B5BDFBE00B6D674 /* Release */ = {
			isa = XCBuildConfiguration;
			buildSettings = {
				CODE_SIGN_IDENTITY = "iPhone Developer";
				INFOPLIST_FILE = Example/Info.plist;
				IPHONEOS_DEPLOYMENT_TARGET = 8.0;
				LD_RUNPATH_SEARCH_PATHS = "$(inherited) @executable_path/Frameworks";
				PRODUCT_BUNDLE_IDENTIFIER = com.seedante.SDECollectionViewAlbumTransition;
				PRODUCT_NAME = SDECollectionViewAlbumTransition;
				TARGETED_DEVICE_FAMILY = "1,2";
			};
			name = Release;
		};
/* End XCBuildConfiguration section */

/* Begin XCConfigurationList section */
		FDBB4B461B5BDFBE00B6D674 /* Build configuration list for PBXProject "SDECollectionViewAlbumTransition" */ = {
			isa = XCConfigurationList;
			buildConfigurations = (
				FDBB4B5B1B5BDFBE00B6D674 /* Debug */,
				FDBB4B5C1B5BDFBE00B6D674 /* Release */,
			);
			defaultConfigurationIsVisible = 0;
			defaultConfigurationName = Release;
		};
		FDBB4B5D1B5BDFBE00B6D674 /* Build configuration list for PBXNativeTarget "SDECollectionViewAlbumTransition" */ = {
			isa = XCConfigurationList;
			buildConfigurations = (
				FDBB4B5E1B5BDFBE00B6D674 /* Debug */,
				FDBB4B5F1B5BDFBE00B6D674 /* Release */,
			);
			defaultConfigurationIsVisible = 0;
			defaultConfigurationName = Release;
		};
/* End XCConfigurationList section */
	};
	rootObject = FDBB4B431B5BDFBE00B6D674 /* Project object */;
}
